{
  "name": "@meetfranz/forms",
  "version": "1.0.0",
  "lockfileVersion": 1,
  "requires": true,
  "dependencies": {
    "@mdi/js": {
      "version": "3.3.92",
      "resolved": "https://registry.npmjs.org/@mdi/js/-/js-3.3.92.tgz",
      "integrity": "sha512-l+12IwTycHlijWMiRWBAssm0RSgkQiwMthIy/EcBAdSqtnsHnFjHq+aI2MBZ8/AYX0QBxNUv4+EN0SXZgNkWDg=="
    },
    "@mdi/react": {
      "version": "1.1.0",
      "resolved": "https://registry.npmjs.org/@mdi/react/-/react-1.1.0.tgz",
      "integrity": "sha512-c0+avMYEZ6i7Pg1ULLFs+p7k8bDPiie9rrgGYs8VWQhw2tUUYz7r0lIPVzD3bzMghWfyhfkArj88K5Of0WTMNw=="
    },
    "html-element-attributes": {
      "version": "1.3.1",
      "resolved": "https://registry.npmjs.org/html-element-attributes/-/html-element-attributes-1.3.1.tgz",
      "integrity": "sha512-UrRKgp5sQmRnDy4TEwAUsu14XBUlzKB8U3hjIYDjcZ3Hbp86Jtftzxfgrv6E/ii/h78tsaZwAnAE8HwnHr0dPA=="
    },
    "react-html-attributes": {
      "version": "1.4.3",
      "resolved": "https://registry.npmjs.org/react-html-attributes/-/react-html-attributes-1.4.3.tgz",
      "integrity": "sha1-jDbDX85rdQk40oavQo7R2nYlGG4=",
      "requires": {
        "html-element-attributes": "^1.0.0"
      }
    }
  }
}
